<?xml version="1.0" encoding="utf-8"?>
<Project ToolsVersion="4.0" xmlns="http://schemas.microsoft.com/developer/msbuild/2003">
  <ItemGroup>
    <Filter Include="win32">
      <UniqueIdentifier>{84a8ebd7-7cf0-47f6-b75e-d441df67da40}</UniqueIdentifier>
    </Filter>
    <Filter Include="Classes">
      <UniqueIdentifier>{bb6c862e-70e9-49d9-81b7-3829a6f50471}</UniqueIdentifier>
    </Filter>
  </ItemGroup>
  <ItemGroup>
    <ClCompile Include="main.cpp">
      <Filter>win32</Filter>
    </ClCompile>
    <ClCompile Include="..\Classes\AppDelegate.cpp">
      <Filter>Classes</Filter>
    </ClCompile>
    <ClCompile Include="..\Classes\Balloon.cpp">
      <Filter>Classes</Filter>
    </ClCompile>
    <ClCompile Include="..\Classes\BalloonFirstPage.cpp">
      <Filter>Classes</Filter>
    </ClCompile>
    <ClCompile Include="..\Classes\BalloonItem.cpp">
      <Filter>Classes</Filter>
    </ClCompile>
    <ClCompile Include="..\Classes\BalloonItemManager.cpp">
      <Filter>Classes</Filter>
    </ClCompile>
    <ClCompile Include="..\Classes\BalloonManager.cpp">
      <Filter>Classes</Filter>
    </ClCompile>
    <ClCompile Include="..\Classes\BalloonOptionsDialog.cpp">
      <Filter>Classes</Filter>
    </ClCompile>
    <ClCompile Include="..\Classes\BalloonPauseDialog.cpp">
      <Filter>Classes</Filter>
    </ClCompile>
    <ClCompile Include="..\Classes\BalloonResultDialog.cpp">
      <Filter>Classes</Filter>
    </ClCompile>
    <ClCompile Include="..\Classes\BalloonScene.cpp">
      <Filter>Classes</Filter>
    </ClCompile>
    <ClCompile Include="..\Classes\BalloonSoundManager.cpp">
      <Filter>Classes</Filter>
    </ClCompile>
    <ClCompile Include="..\Classes\Cloud.cpp">
      <Filter>Classes</Filter>
    </ClCompile>
    <ClCompile Include="..\Classes\CloudManager.cpp">
      <Filter>Classes</Filter>
    </ClCompile>
    <ClCompile Include="..\Classes\CompanyPage.cpp">
      <Filter>Classes</Filter>
    </ClCompile>
  </ItemGroup>
  <ItemGroup>
    <ClInclude Include="main.h">
      <Filter>win32</Filter>
    </ClInclude>
    <ClInclude Include="..\Classes\AppDelegate.h">
      <Filter>Classes</Filter>
    </ClInclude>
    <ClInclude Include="..\Classes\Balloon.h">
      <Filter>Classes</Filter>
    </ClInclude>
    <ClInclude Include="..\Classes\Balloon_macro.h">
      <Filter>Classes</Filter>
    </ClInclude>
    <ClInclude Include="..\Classes\BalloonFirstPage.h">
      <Filter>Classes</Filter>
    </ClInclude>
    <ClInclude Include="..\Classes\BalloonItem.h">
      <Filter>Classes</Filter>
    </ClInclude>
    <ClInclude Include="..\Classes\BalloonItemManager.h">
      <Filter>Classes</Filter>
    </ClInclude>
    <ClInclude Include="..\Classes\BalloonManager.h">
      <Filter>Classes</Filter>
    </ClInclude>
    <ClInclude Include="..\Classes\BalloonOptionsDialog.h">
      <Filter>Classes</Filter>
    </ClInclude>
    <ClInclude Include="..\Classes\BalloonPauseDialog.h">
      <Filter>Classes</Filter>
    </ClInclude>
    <ClInclude Include="..\Classes\BalloonResultDialog.h">
      <Filter>Classes</Filter>
    </ClInclude>
    <ClInclude Include="..\Classes\BalloonScene.h">
      <Filter>Classes</Filter>
    </ClInclude>
    <ClInclude Include="..\Classes\BalloonSoundManager.h">
      <Filter>Classes</Filter>
    </ClInclude>
    <ClInclude Include="..\Classes\Cloud.h">
      <Filter>Classes</Filter>
    </ClInclude>
    <ClInclude Include="..\Classes\CloudManager.h">
      <Filter>Classes</Filter>
    </ClInclude>
    <ClInclude Include="..\Classes\CompanyPage.h">
      <Filter>Classes</Filter>
    </ClInclude>
  </ItemGroup>
</Project>